
Microsoft Visual Studio Solution File, Format Version 12.00
# Visual Studio Version 16
VisualStudioVersion = 16.0.29905.134
MinimumVisualStudioVersion = 10.0.40219.1
Project("{FAE04EC0-301F-11D3-BF4B-00C04F79EFBC}") = "Speak Text", "Speak Text.csproj", "{B4AC159B-77B1-4467-B1D9-9B2D43F881DF}"
EndProject
Global
	GlobalSection(SolutionConfigurationPlatforms) = preSolution
		Debug|Any CPU = Debug|Any CPU
		Release|Any CPU = Release|Any CPU
	EndGlobalSection
	GlobalSection(ProjectConfigurationPlatforms) = postSolution
		{B4AC159B-77B1-4467-B1D9-9B2D43F881DF}.Debug|Any CPU.ActiveCfg = Debug|Any CPU
		{B4AC159B-77B1-4467-B1D9-9B2D43F881DF}.Debug|Any CPU.Build.0 = Debug|Any CPU
		{B4AC159B-77B1-4467-B1D9-9B2D43F881DF}.Release|Any CPU.ActiveCfg = Release|Any CPU
		{B4AC159B-77B1-4467-B1D9-9B2D43F881DF}.Release|Any CPU.Build.0 = Release|Any CPU
	EndGlobalSection
	GlobalSection(SolutionProperties) = preSolution
		HideSolutionNode = FALSE
	EndGlobalSection
	GlobalSection(ExtensibilityGlobals) = postSolution
		SolutionGuid = {FFCCDF53-F3E9-4590-BC9C-1C82AA31E614}
	EndGlobalSection
EndGlobal
